
Microsoft Visual Studio Solution File, Format Version 12.00
# Visual Studio Version 17
VisualStudioVersion = 17.1.32407.343
MinimumVisualStudioVersion = 10.0.40219.1
Project("{9A19103F-16F7-4668-BE54-9A1E7A4F7556}") = "MainsoftTesting", "MainsoftTesting\MainsoftTesting.csproj", "{B764D3AD-60C7-42E1-9A2E-3702D9D787EB}"
EndProject
Project("{FAE04EC0-301F-11D3-BF4B-00C04F79EFBC}") = "MainsoftTesting.Application", "MainsoftTesting.Application\MainsoftTesting.Application.csproj", "{737EA03B-9877-443A-A92D-D6EE7352C105}"
EndProject
Project("{FAE04EC0-301F-11D3-BF4B-00C04F79EFBC}") = "MainsoftTesting.Infrastructure", "MainsoftTesting.Infrastructure\MainsoftTesting.Infrastructure.csproj", "{A1EBC01C-42A2-42FE-9F72-80732E20DDAD}"
EndProject
Project("{FAE04EC0-301F-11D3-BF4B-00C04F79EFBC}") = "MainsoftTesting.Domain", "MainsoftTesting.Domain\MainsoftTesting.Domain.csproj", "{2FBF2E60-141F-4D45-8751-3035400B38FD}"
EndProject
Global
	GlobalSection(SolutionConfigurationPlatforms) = preSolution
		Debug|Any CPU = Debug|Any CPU
		Release|Any CPU = Release|Any CPU
	EndGlobalSection
	GlobalSection(ProjectConfigurationPlatforms) = postSolution
		{B764D3AD-60C7-42E1-9A2E-3702D9D787EB}.Debug|Any CPU.ActiveCfg = Debug|Any CPU
		{B764D3AD-60C7-42E1-9A2E-3702D9D787EB}.Debug|Any CPU.Build.0 = Debug|Any CPU
		{B764D3AD-60C7-42E1-9A2E-3702D9D787EB}.Release|Any CPU.ActiveCfg = Release|Any CPU
		{B764D3AD-60C7-42E1-9A2E-3702D9D787EB}.Release|Any CPU.Build.0 = Release|Any CPU
		{737EA03B-9877-443A-A92D-D6EE7352C105}.Debug|Any CPU.ActiveCfg = Debug|Any CPU
		{737EA03B-9877-443A-A92D-D6EE7352C105}.Debug|Any CPU.Build.0 = Debug|Any CPU
		{737EA03B-9877-443A-A92D-D6EE7352C105}.Release|Any CPU.ActiveCfg = Release|Any CPU
		{737EA03B-9877-443A-A92D-D6EE7352C105}.Release|Any CPU.Build.0 = Release|Any CPU
		{A1EBC01C-42A2-42FE-9F72-80732E20DDAD}.Debug|Any CPU.ActiveCfg = Debug|Any CPU
		{A1EBC01C-42A2-42FE-9F72-80732E20DDAD}.Debug|Any CPU.Build.0 = Debug|Any CPU
		{A1EBC01C-42A2-42FE-9F72-80732E20DDAD}.Release|Any CPU.ActiveCfg = Release|Any CPU
		{A1EBC01C-42A2-42FE-9F72-80732E20DDAD}.Release|Any CPU.Build.0 = Release|Any CPU
		{2FBF2E60-141F-4D45-8751-3035400B38FD}.Debug|Any CPU.ActiveCfg = Debug|Any CPU
		{2FBF2E60-141F-4D45-8751-3035400B38FD}.Debug|Any CPU.Build.0 = Debug|Any CPU
		{2FBF2E60-141F-4D45-8751-3035400B38FD}.Release|Any CPU.ActiveCfg = Release|Any CPU
		{2FBF2E60-141F-4D45-8751-3035400B38FD}.Release|Any CPU.Build.0 = Release|Any CPU
	EndGlobalSection
	GlobalSection(SolutionProperties) = preSolution
		HideSolutionNode = FALSE
	EndGlobalSection
	GlobalSection(ExtensibilityGlobals) = postSolution
		SolutionGuid = {1F672D44-38A4-42DD-B4C5-6EFB9EA4EED7}
	EndGlobalSection
EndGlobal
