
Microsoft Visual Studio Solution File, Format Version 12.00
# Visual Studio Version 17
VisualStudioVersion = 17.1.32407.343
MinimumVisualStudioVersion = 10.0.40219.1
Project("{9A19103F-16F7-4668-BE54-9A1E7A4F7556}") = "MainsoftTesting.Services", "MainsoftTesting.Services\MainsoftTesting.Services.csproj", "{5CAE578B-B608-4754-947F-14F6ADFAD829}"
EndProject
Project("{9A19103F-16F7-4668-BE54-9A1E7A4F7556}") = "MainsoftTesting.Services.Application", "MainsoftTesting.Services.Business\MainsoftTesting.Services.Application.csproj", "{3ACA2A1E-2E6F-42A0-AE1C-6A21B3734AF3}"
EndProject
Project("{9A19103F-16F7-4668-BE54-9A1E7A4F7556}") = "MainsoftTesting.Services.Persistence", "MainsoftTesting.Services.Persistence\MainsoftTesting.Services.Persistence.csproj", "{998D0FD0-DF00-4ED6-A069-0EEC6BB4A383}"
EndProject
Project("{9A19103F-16F7-4668-BE54-9A1E7A4F7556}") = "MainsoftTesting.Services.Domain", "MainsoftTesting.Services.Domain\MainsoftTesting.Services.Domain.csproj", "{8A6227FE-592B-48A8-93CC-7B428CD55757}"
EndProject
Project("{FAE04EC0-301F-11D3-BF4B-00C04F79EFBC}") = "MainsoftTesting.Services.Infrastructure", "MainsoftTesting.Services.Infrastructure\MainsoftTesting.Services.Infrastructure.csproj", "{8E876EB9-0842-4D0B-841B-C34D942DDC1C}"
EndProject
Global
	GlobalSection(SolutionConfigurationPlatforms) = preSolution
		Debug|Any CPU = Debug|Any CPU
		Release|Any CPU = Release|Any CPU
	EndGlobalSection
	GlobalSection(ProjectConfigurationPlatforms) = postSolution
		{5CAE578B-B608-4754-947F-14F6ADFAD829}.Debug|Any CPU.ActiveCfg = Debug|Any CPU
		{5CAE578B-B608-4754-947F-14F6ADFAD829}.Debug|Any CPU.Build.0 = Debug|Any CPU
		{5CAE578B-B608-4754-947F-14F6ADFAD829}.Release|Any CPU.ActiveCfg = Release|Any CPU
		{5CAE578B-B608-4754-947F-14F6ADFAD829}.Release|Any CPU.Build.0 = Release|Any CPU
		{3ACA2A1E-2E6F-42A0-AE1C-6A21B3734AF3}.Debug|Any CPU.ActiveCfg = Debug|Any CPU
		{3ACA2A1E-2E6F-42A0-AE1C-6A21B3734AF3}.Debug|Any CPU.Build.0 = Debug|Any CPU
		{3ACA2A1E-2E6F-42A0-AE1C-6A21B3734AF3}.Release|Any CPU.ActiveCfg = Release|Any CPU
		{3ACA2A1E-2E6F-42A0-AE1C-6A21B3734AF3}.Release|Any CPU.Build.0 = Release|Any CPU
		{998D0FD0-DF00-4ED6-A069-0EEC6BB4A383}.Debug|Any CPU.ActiveCfg = Debug|Any CPU
		{998D0FD0-DF00-4ED6-A069-0EEC6BB4A383}.Debug|Any CPU.Build.0 = Debug|Any CPU
		{998D0FD0-DF00-4ED6-A069-0EEC6BB4A383}.Release|Any CPU.ActiveCfg = Release|Any CPU
		{998D0FD0-DF00-4ED6-A069-0EEC6BB4A383}.Release|Any CPU.Build.0 = Release|Any CPU
		{8A6227FE-592B-48A8-93CC-7B428CD55757}.Debug|Any CPU.ActiveCfg = Debug|Any CPU
		{8A6227FE-592B-48A8-93CC-7B428CD55757}.Debug|Any CPU.Build.0 = Debug|Any CPU
		{8A6227FE-592B-48A8-93CC-7B428CD55757}.Release|Any CPU.ActiveCfg = Release|Any CPU
		{8A6227FE-592B-48A8-93CC-7B428CD55757}.Release|Any CPU.Build.0 = Release|Any CPU
		{8E876EB9-0842-4D0B-841B-C34D942DDC1C}.Debug|Any CPU.ActiveCfg = Debug|Any CPU
		{8E876EB9-0842-4D0B-841B-C34D942DDC1C}.Debug|Any CPU.Build.0 = Debug|Any CPU
		{8E876EB9-0842-4D0B-841B-C34D942DDC1C}.Release|Any CPU.ActiveCfg = Release|Any CPU
		{8E876EB9-0842-4D0B-841B-C34D942DDC1C}.Release|Any CPU.Build.0 = Release|Any CPU
	EndGlobalSection
	GlobalSection(SolutionProperties) = preSolution
		HideSolutionNode = FALSE
	EndGlobalSection
	GlobalSection(ExtensibilityGlobals) = postSolution
		SolutionGuid = {D78FAA3E-1AA5-4131-9928-0A190A24043A}
	EndGlobalSection
EndGlobal
